
Microsoft Visual Studio Solution File, Format Version 12.00
# Visual Studio Version 16
VisualStudioVersion = 16.0.31402.337
MinimumVisualStudioVersion = 10.0.40219.1
Project("{FAE04EC0-301F-11D3-BF4B-00C04F79EFBC}") = "1-Comparison", "1-Comparison\1-Comparison.csproj", "{B5A486B1-CF53-4859-9F9D-A8859FA480FC}"
EndProject
Global
	GlobalSection(SolutionConfigurationPlatforms) = preSolution
		Debug|Any CPU = Debug|Any CPU
		Release|Any CPU = Release|Any CPU
	EndGlobalSection
	GlobalSection(ProjectConfigurationPlatforms) = postSolution
		{B5A486B1-CF53-4859-9F9D-A8859FA480FC}.Debug|Any CPU.ActiveCfg = Debug|Any CPU
		{B5A486B1-CF53-4859-9F9D-A8859FA480FC}.Debug|Any CPU.Build.0 = Debug|Any CPU
		{B5A486B1-CF53-4859-9F9D-A8859FA480FC}.Release|Any CPU.ActiveCfg = Release|Any CPU
		{B5A486B1-CF53-4859-9F9D-A8859FA480FC}.Release|Any CPU.Build.0 = Release|Any CPU
	EndGlobalSection
	GlobalSection(SolutionProperties) = preSolution
		HideSolutionNode = FALSE
	EndGlobalSection
	GlobalSection(ExtensibilityGlobals) = postSolution
		SolutionGuid = {84CBBDB0-3C47-4FE3-984F-0FD6CE237CA2}
	EndGlobalSection
EndGlobal
